
Microsoft Visual Studio Solution File, Format Version 12.00
# Visual Studio Version 17
VisualStudioVersion = 17.5.33530.505
MinimumVisualStudioVersion = 10.0.40219.1
Project("{FAE04EC0-301F-11D3-BF4B-00C04F79EFBC}") = "INdexerEXpmle", "INdexerEXpmle\INdexerEXpmle.csproj", "{4E5D1242-F782-4BEB-B452-85BEC42BE550}"
EndProject
Global
	GlobalSection(SolutionConfigurationPlatforms) = preSolution
		Debug|Any CPU = Debug|Any CPU
		Release|Any CPU = Release|Any CPU
	EndGlobalSection
	GlobalSection(ProjectConfigurationPlatforms) = postSolution
		{4E5D1242-F782-4BEB-B452-85BEC42BE550}.Debug|Any CPU.ActiveCfg = Debug|Any CPU
		{4E5D1242-F782-4BEB-B452-85BEC42BE550}.Debug|Any CPU.Build.0 = Debug|Any CPU
		{4E5D1242-F782-4BEB-B452-85BEC42BE550}.Release|Any CPU.ActiveCfg = Release|Any CPU
		{4E5D1242-F782-4BEB-B452-85BEC42BE550}.Release|Any CPU.Build.0 = Release|Any CPU
	EndGlobalSection
	GlobalSection(SolutionProperties) = preSolution
		HideSolutionNode = FALSE
	EndGlobalSection
	GlobalSection(ExtensibilityGlobals) = postSolution
		SolutionGuid = {D0235379-7464-4204-85CF-B9BD15C9939D}
	EndGlobalSection
EndGlobal
