
Microsoft Visual Studio Solution File, Format Version 12.00
# Visual Studio Version 17
VisualStudioVersion = 17.5.33530.505
MinimumVisualStudioVersion = 10.0.40219.1
Project("{FAE04EC0-301F-11D3-BF4B-00C04F79EFBC}") = "Delegate Example Person Age Sort", "Delegate Example Person Age Sort\Delegate Example Person Age Sort.csproj", "{A1AC1F23-CC1C-4CF7-83F7-6B3E2F64B01F}"
EndProject
Global
	GlobalSection(SolutionConfigurationPlatforms) = preSolution
		Debug|Any CPU = Debug|Any CPU
		Release|Any CPU = Release|Any CPU
	EndGlobalSection
	GlobalSection(ProjectConfigurationPlatforms) = postSolution
		{A1AC1F23-CC1C-4CF7-83F7-6B3E2F64B01F}.Debug|Any CPU.ActiveCfg = Debug|Any CPU
		{A1AC1F23-CC1C-4CF7-83F7-6B3E2F64B01F}.Debug|Any CPU.Build.0 = Debug|Any CPU
		{A1AC1F23-CC1C-4CF7-83F7-6B3E2F64B01F}.Release|Any CPU.ActiveCfg = Release|Any CPU
		{A1AC1F23-CC1C-4CF7-83F7-6B3E2F64B01F}.Release|Any CPU.Build.0 = Release|Any CPU
	EndGlobalSection
	GlobalSection(SolutionProperties) = preSolution
		HideSolutionNode = FALSE
	EndGlobalSection
	GlobalSection(ExtensibilityGlobals) = postSolution
		SolutionGuid = {146FA601-4E86-4087-9630-C6D821863685}
	EndGlobalSection
EndGlobal
