
Microsoft Visual Studio Solution File, Format Version 12.00
# Visual Studio Version 17
VisualStudioVersion = 17.5.33530.505
MinimumVisualStudioVersion = 10.0.40219.1
Project("{FAE04EC0-301F-11D3-BF4B-00C04F79EFBC}") = "Reflection exmple", "Reflection exmple\Reflection exmple.csproj", "{4CB01A58-B237-49AF-AEDB-E6FFAB0DBD79}"
EndProject
Global
	GlobalSection(SolutionConfigurationPlatforms) = preSolution
		Debug|Any CPU = Debug|Any CPU
		Release|Any CPU = Release|Any CPU
	EndGlobalSection
	GlobalSection(ProjectConfigurationPlatforms) = postSolution
		{4CB01A58-B237-49AF-AEDB-E6FFAB0DBD79}.Debug|Any CPU.ActiveCfg = Debug|Any CPU
		{4CB01A58-B237-49AF-AEDB-E6FFAB0DBD79}.Debug|Any CPU.Build.0 = Debug|Any CPU
		{4CB01A58-B237-49AF-AEDB-E6FFAB0DBD79}.Release|Any CPU.ActiveCfg = Release|Any CPU
		{4CB01A58-B237-49AF-AEDB-E6FFAB0DBD79}.Release|Any CPU.Build.0 = Release|Any CPU
	EndGlobalSection
	GlobalSection(SolutionProperties) = preSolution
		HideSolutionNode = FALSE
	EndGlobalSection
	GlobalSection(ExtensibilityGlobals) = postSolution
		SolutionGuid = {23418617-4424-4188-B3B2-3F53CA1C96EF}
	EndGlobalSection
EndGlobal
